
Microsoft Visual Studio Solution File, Format Version 12.00
# Visual Studio Version 16
VisualStudioVersion = 16.0.29306.81
MinimumVisualStudioVersion = 10.0.40219.1
Project("{FAE04EC0-301F-11D3-BF4B-00C04F79EFBC}") = "SalesWebMvc", "SalesWebMvc\SalesWebMvc.csproj", "{E1B87399-9D88-439A-B3BF-A27D10BB40CB}"
EndProject
Global
	GlobalSection(SolutionConfigurationPlatforms) = preSolution
		Debug|Any CPU = Debug|Any CPU
		Release|Any CPU = Release|Any CPU
	EndGlobalSection
	GlobalSection(ProjectConfigurationPlatforms) = postSolution
		{E1B87399-9D88-439A-B3BF-A27D10BB40CB}.Debug|Any CPU.ActiveCfg = Debug|Any CPU
		{E1B87399-9D88-439A-B3BF-A27D10BB40CB}.Debug|Any CPU.Build.0 = Debug|Any CPU
		{E1B87399-9D88-439A-B3BF-A27D10BB40CB}.Release|Any CPU.ActiveCfg = Release|Any CPU
		{E1B87399-9D88-439A-B3BF-A27D10BB40CB}.Release|Any CPU.Build.0 = Release|Any CPU
	EndGlobalSection
	GlobalSection(SolutionProperties) = preSolution
		HideSolutionNode = FALSE
	EndGlobalSection
	GlobalSection(ExtensibilityGlobals) = postSolution
		SolutionGuid = {6D78C801-DE67-4D01-BF5A-2B815283A592}
	EndGlobalSection
EndGlobal
